{
  "name": "flow-actions",
  "version": "1.0.0",
  "lockfileVersion": 1,
  "requires": true,
  "dependencies": {
    "camelcase": {
      "version": "5.3.1",
      "resolved": "https://registry.npmjs.org/camelcase/-/camelcase-5.3.1.tgz",
      "integrity": "sha512-L28STB170nwWS63UjtlEOE3dldQApaJXZkOI1uMFfzf3rRuPegHaHesyee+YxQ+W6SvRDQV6UrdOdRiR153wJg==",
      "dev": true
    },
    "decamelize": {
      "version": "1.2.0",
      "resolved": "https://registry.npmjs.org/decamelize/-/decamelize-1.2.0.tgz",
      "integrity": "sha1-9lNNFRSCabIDUue+4m9QH5oZEpA=",
      "dev": true
    },
    "gitconfiglocal": {
      "version": "2.1.0",
      "resolved": "https://registry.npmjs.org/gitconfiglocal/-/gitconfiglocal-2.1.0.tgz",
      "integrity": "sha512-qoerOEliJn3z+Zyn1HW2F6eoYJqKwS6MgC9cztTLUB/xLWX8gD/6T60pKn4+t/d6tP7JlybI7Z3z+I572CR/Vg==",
      "dev": true,
      "requires": {
        "ini": "^1.3.2"
      }
    },
    "ini": {
      "version": "1.3.5",
      "resolved": "https://registry.npmjs.org/ini/-/ini-1.3.5.tgz",
      "integrity": "sha512-RZY5huIKCMRWDUqZlEi72f/lmXKMvuszcMBduliQ3nnWbx9X/ZBQO7DijMEYS9EhHBb2qacRUMtC7svLwe0lcw==",
      "dev": true
    },
    "keep-a-changelog": {
      "version": "0.10.2",
      "resolved": "https://registry.npmjs.org/keep-a-changelog/-/keep-a-changelog-0.10.2.tgz",
      "integrity": "sha512-lV2Jf+VS9K2xaSwzvuMWTDxJCIFFM3PCfgzVaEU9tD68M3E0YeabGai7pG/UzFlJ4r//EO9w4u65kXF1QjLnwg==",
      "dev": true,
      "requires": {
        "gitconfiglocal": "^2.1.0",
        "semver": "^7.3.2",
        "yargs-parser": "^18.1.3"
      }
    },
    "semver": {
      "version": "7.3.2",
      "resolved": "https://registry.npmjs.org/semver/-/semver-7.3.2.tgz",
      "integrity": "sha512-OrOb32TeeambH6UrhtShmF7CRDqhL6/5XpPNp2DuRH6+9QLw/orhp72j87v8Qa1ScDkvrrBNpZcDejAirJmfXQ==",
      "dev": true
    },
    "yargs-parser": {
      "version": "18.1.3",
      "resolved": "https://registry.npmjs.org/yargs-parser/-/yargs-parser-18.1.3.tgz",
      "integrity": "sha512-o50j0JeToy/4K6OZcaQmW6lyXXKhq7csREXcDwk2omFPJEwUNOVtJKvmDr9EI1fAJZUyZcRF7kxGBWmRXudrCQ==",
      "dev": true,
      "requires": {
        "camelcase": "^5.0.0",
        "decamelize": "^1.2.0"
      }
    }
  }
}
